# @generated - this file is auto-generated by `mise lock` https://mise.jdx.dev/dev-tools/mise-lock.html

lockfile_version = 1

[[tools."aqua:nextest-rs/nextest/cargo-nextest"]]
version = "0.9.143"
backend = "aqua:nextest-rs/nextest/cargo-nextest"
specifiers = ["0.9.143"]

[tools."aqua:nextest-rs/nextest/cargo-nextest"."platforms.linux-arm64"]
checksum = "sha256:2a64b3566a92508550a7ab29c3e8db25472ca37730ecb4d22100b6aa440c2a68"
url = "https://github.com/nextest-rs/nextest/releases/download/cargo-nextest-0.9.143/cargo-nextest-0.9.143-aarch64-unknown-linux-gnu.tar.gz"
url_api = "https://api.github.com/repos/nextest-rs/nextest/releases/assets/501881925"

[tools."aqua:nextest-rs/nextest/cargo-nextest"."platforms.linux-arm64-musl"]
checksum = "sha256:0560ce0ce017f368c54b5db86588370fc03b470985490fa81200e62a657dda05"
url = "https://github.com/nextest-rs/nextest/releases/download/cargo-nextest-0.9.143/cargo-nextest-0.9.143-aarch64-unknown-linux-musl.tar.gz"
url_api = "https://api.github.com/repos/nextest-rs/nextest/releases/assets/501882957"

[tools."aqua:nextest-rs/nextest/cargo-nextest"."platforms.linux-x64"]
checksum = "sha256:66786b9abe23920d022a182d1416b1bbc8130dd4872a9553d76985a1708dcd1e"
url = "https://github.com/nextest-rs/nextest/releases/download/cargo-nextest-0.9.143/cargo-nextest-0.9.143-x86_64-unknown-linux-gnu.tar.gz"
url_api = "https://api.github.com/repos/nextest-rs/nextest/releases/assets/501882467"

[tools."aqua:nextest-rs/nextest/cargo-nextest"."platforms.linux-x64-musl"]
checksum = "sha256:6d891c18105ec2d33f6e441a4f92b7ccab47ba263e22055c8bb66884243f3389"
url = "https://github.com/nextest-rs/nextest/releases/download/cargo-nextest-0.9.143/cargo-nextest-0.9.143-x86_64-unknown-linux-musl.tar.gz"
url_api = "https://api.github.com/repos/nextest-rs/nextest/releases/assets/501883394"

[tools."aqua:nextest-rs/nextest/cargo-nextest"."platforms.macos-arm64"]
checksum = "sha256:4830d430411148d17602a75cc880bfb4dc8dac153dea59a48a2ef4cc93577f07"
url = "https://github.com/nextest-rs/nextest/releases/download/cargo-nextest-0.9.143/cargo-nextest-0.9.143-universal-apple-darwin.tar.gz"
url_api = "https://api.github.com/repos/nextest-rs/nextest/releases/assets/501885637"

[tools."aqua:nextest-rs/nextest/cargo-nextest"."platforms.macos-x64"]
checksum = "sha256:4830d430411148d17602a75cc880bfb4dc8dac153dea59a48a2ef4cc93577f07"
url = "https://github.com/nextest-rs/nextest/releases/download/cargo-nextest-0.9.143/cargo-nextest-0.9.143-universal-apple-darwin.tar.gz"
url_api = "https://api.github.com/repos/nextest-rs/nextest/releases/assets/501885637"

[tools."aqua:nextest-rs/nextest/cargo-nextest"."platforms.windows-x64"]
checksum = "sha256:c42a1dbde532da06dc9b4a43d44fd0ce668b836c2ab7388410f10ff9834476a2"
url = "https://github.com/nextest-rs/nextest/releases/download/cargo-nextest-0.9.143/cargo-nextest-0.9.143-x86_64-pc-windows-msvc.tar.gz"
url_api = "https://api.github.com/repos/nextest-rs/nextest/releases/assets/501885753"

[[tools.just]]
version = "1.58.0"
backend = "aqua:casey/just"
specifiers = ["1.58.0"]

[tools.just."platforms.linux-arm64"]
checksum = "sha256:748237128c4c40cbdabc65e841d05ceba13cc23a91eaba395495894c1d9764df"
url = "https://github.com/casey/just/releases/download/1.58.0/just-1.58.0-aarch64-unknown-linux-musl.tar.gz"
url_api = "https://api.github.com/repos/casey/just/releases/assets/500510099"

[tools.just."platforms.linux-arm64-musl"]
checksum = "sha256:748237128c4c40cbdabc65e841d05ceba13cc23a91eaba395495894c1d9764df"
url = "https://github.com/casey/just/releases/download/1.58.0/just-1.58.0-aarch64-unknown-linux-musl.tar.gz"
url_api = "https://api.github.com/repos/casey/just/releases/assets/500510099"

[tools.just."platforms.linux-x64"]
checksum = "sha256:4a5cc2f53e6f0f8c59092a6cc38291eb729d46a7dd95d3ae582008881b84931d"
url = "https://github.com/casey/just/releases/download/1.58.0/just-1.58.0-x86_64-unknown-linux-musl.tar.gz"
url_api = "https://api.github.com/repos/casey/just/releases/assets/500509978"

[tools.just."platforms.linux-x64-musl"]
checksum = "sha256:4a5cc2f53e6f0f8c59092a6cc38291eb729d46a7dd95d3ae582008881b84931d"
url = "https://github.com/casey/just/releases/download/1.58.0/just-1.58.0-x86_64-unknown-linux-musl.tar.gz"
url_api = "https://api.github.com/repos/casey/just/releases/assets/500509978"

[tools.just."platforms.macos-arm64"]
checksum = "sha256:50ae3e996c974a0bf32ea7d10f495070df33f1b43e0616b2769e3d4821ed8f48"
url = "https://github.com/casey/just/releases/download/1.58.0/just-1.58.0-aarch64-apple-darwin.tar.gz"
url_api = "https://api.github.com/repos/casey/just/releases/assets/500509965"

[tools.just."platforms.macos-x64"]
checksum = "sha256:9a09cfef66aaa79da58203970103a0684307716caaabd3e9844cacc4dc0f4023"
url = "https://github.com/casey/just/releases/download/1.58.0/just-1.58.0-x86_64-apple-darwin.tar.gz"
url_api = "https://api.github.com/repos/casey/just/releases/assets/500510084"

[tools.just."platforms.windows-x64"]
checksum = "sha256:759f16fb7aa17c5c8b9594b6d4a8c1a6630dfd042cf2b3ff84841454d3d188dc"
url = "https://github.com/casey/just/releases/download/1.58.0/just-1.58.0-x86_64-pc-windows-msvc.zip"
url_api = "https://api.github.com/repos/casey/just/releases/assets/500511374"

[[tools.rust]]
version = "nightly-2026-08-27"
backend = "core:rust"
specifiers = ["nightly-2026-08-27"]

[tools.rust.options]
components = "clippy,rust-analyzer,rust-src,rustfmt"
